// !$*UTF8*$!
{
	archiveVersion = 1;
	classes = {
	};
	objectVersion = 46;
	objects = {

/* Begin PBXBuildFile section */
		734D4B781B0E54FE00D998E7 /* AppDelegate.swift in Sources */ = {isa = PBXBuildFile; fileRef = 734D4B771B0E54FE00D998E7 /* AppDelegate.swift */; };
		734D4B7B1B0E54FF00D998E7 /* CardboardCam.xcdatamodeld in Sources */ = {isa = PBXBuildFile; fileRef = 734D4B791B0E54FF00D998E7 /* CardboardCam.xcdatamodeld */; };
		734D4B7D1B0E54FF00D998E7 /* ConnectionViewController.swift in Sources */ = {isa = PBXBuildFile; fileRef = 734D4B7C1B0E54FF00D998E7 /* ConnectionViewController.swift */; };
		734D4B801B0E54FF00D998E7 /* Main.storyboard in Resources */ = {isa = PBXBuildFile; fileRef = 734D4B7E1B0E54FF00D998E7 /* Main.storyboard */; };
		734D4B821B0E54FF00D998E7 /* Images.xcassets in Resources */ = {isa = PBXBuildFile; fileRef = 734D4B811B0E54FF00D998E7 /* Images.xcassets */; };
		734D4B851B0E54FF00D998E7 /* LaunchScreen.xib in Resources */ = {isa = PBXBuildFile; fileRef = 734D4B831B0E54FF00D998E7 /* LaunchScreen.xib */; };
		734D4B911B0E54FF00D998E7 /* CardboardCamTests.swift in Sources */ = {isa = PBXBuildFile; fileRef = 734D4B901B0E54FF00D998E7 /* CardboardCamTests.swift */; };
		734D4B9B1B0E5DB400D998E7 /* MPCHandler.swift in Sources */ = {isa = PBXBuildFile; fileRef = 734D4B9A1B0E5DB400D998E7 /* MPCHandler.swift */; };
		734D4B9F1B0F247A00D998E7 /* initViewController.swift in Sources */ = {isa = PBXBuildFile; fileRef = 734D4B9E1B0F247A00D998E7 /* initViewController.swift */; };
/* End PBXBuildFile section */

/* Begin PBXContainerItemProxy section */
		734D4B8B1B0E54FF00D998E7 /* PBXContainerItemProxy */ = {
			isa = PBXContainerItemProxy;
			containerPortal = 734D4B6A1B0E54FE00D998E7 /* Project object */;
			proxyType = 1;
			remoteGlobalIDString = 734D4B711B0E54FE00D998E7;
			remoteInfo = CardboardCam;
		};
/* End PBXContainerItemProxy section */

/* Begin PBXFileReference section */
		734D4B721B0E54FE00D998E7 /* CardboardCam.app */ = {isa = PBXFileReference; explicitFileType = wrapper.application; includeInIndex = 0; path = CardboardCam.app; sourceTree = BUILT_PRODUCTS_DIR; };
		734D4B761B0E54FE00D998E7 /* Info.plist */ = {isa = PBXFileReference; lastKnownFileType = text.plist.xml; path = Info.plist; sourceTree = "<group>"; };
		734D4B771B0E54FE00D998E7 /* AppDelegate.swift */ = {isa = PBXFileReference; lastKnownFileType = sourcecode.swift; path = AppDelegate.swift; sourceTree = "<group>"; };
		734D4B7A1B0E54FF00D998E7 /* CardboardCam.xcdatamodel */ = {isa = PBXFileReference; lastKnownFileType = wrapper.xcdatamodel; path = CardboardCam.xcdatamodel; sourceTree = "<group>"; };
		734D4B7C1B0E54FF00D998E7 /* ConnectionViewController.swift */ = {isa = PBXFileReference; lastKnownFileType = sourcecode.swift; path = ConnectionViewController.swift; sourceTree = "<group>"; };
		734D4B7F1B0E54FF00D998E7 /* Base */ = {isa = PBXFileReference; lastKnownFileType = file.storyboard; name = Base; path = Base.lproj/Main.storyboard; sourceTree = "<group>"; };
		734D4B811B0E54FF00D998E7 /* Images.xcassets */ = {isa = PBXFileReference; lastKnownFileType = folder.assetcatalog; path = Images.xcassets; sourceTree = "<group>"; };
		734D4B841B0E54FF00D998E7 /* Base */ = {isa = PBXFileReference; lastKnownFileType = file.xib; name = Base; path = Base.lproj/LaunchScreen.xib; sourceTree = "<group>"; };
		734D4B8A1B0E54FF00D998E7 /* CardboardCamTests.xctest */ = {isa = PBXFileReference; explicitFileType = wrapper.cfbundle; includeInIndex = 0; path = CardboardCamTests.xctest; sourceTree = BUILT_PRODUCTS_DIR; };
		734D4B8F1B0E54FF00D998E7 /* Info.plist */ = {isa = PBXFileReference; lastKnownFileType = text.plist.xml; path = Info.plist; sourceTree = "<group>"; };
		734D4B901B0E54FF00D998E7 /* CardboardCamTests.swift */ = {isa = PBXFileReference; lastKnownFileType = sourcecode.swift; path = CardboardCamTests.swift; sourceTree = "<group>"; };
		734D4B9A1B0E5DB400D998E7 /* MPCHandler.swift */ = {isa = PBXFileReference; fileEncoding = 4; lastKnownFileType = sourcecode.swift; path = MPCHandler.swift; sourceTree = "<group>"; };
		734D4B9E1B0F247A00D998E7 /* initViewController.swift */ = {isa = PBXFileReference; fileEncoding = 4; lastKnownFileType = sourcecode.swift; path = initViewController.swift; sourceTree = "<group>"; };
/* End PBXFileReference section */

/* Begin PBXFrameworksBuildPhase section */
		734D4B6F1B0E54FE00D998E7 /* Frameworks */ = {
			isa = PBXFrameworksBuildPhase;
			buildActionMask = 2147483647;
			files = (
			);
			runOnlyForDeploymentPostprocessing = 0;
		};
		734D4B871B0E54FF00D998E7 /* Frameworks */ = {
			isa = PBXFrameworksBuildPhase;
			buildActionMask = 2147483647;
			files = (
			);
			runOnlyForDeploymentPostprocessing = 0;
		};
/* End PBXFrameworksBuildPhase section */

/* Begin PBXGroup section */
		734D4B691B0E54FE00D998E7 = {
			isa = PBXGroup;
			children = (
				734D4B741B0E54FE00D998E7 /* CardboardCam */,
				734D4B8D1B0E54FF00D998E7 /* CardboardCamTests */,
				734D4B731B0E54FE00D998E7 /* Products */,
			);
			sourceTree = "<group>";
		};
		734D4B731B0E54FE00D998E7 /* Products */ = {
			isa = PBXGroup;
			children = (
				734D4B721B0E54FE00D998E7 /* CardboardCam.app */,
				734D4B8A1B0E54FF00D998E7 /* CardboardCamTests.xctest */,
			);
			name = Products;
			sourceTree = "<group>";
		};
		734D4B741B0E54FE00D998E7 /* CardboardCam */ = {
			isa = PBXGroup;
			children = (
				734D4B9A1B0E5DB400D998E7 /* MPCHandler.swift */,
				734D4B771B0E54FE00D998E7 /* AppDelegate.swift */,
				734D4B7C1B0E54FF00D998E7 /* ConnectionViewController.swift */,
				734D4B9E1B0F247A00D998E7 /* initViewController.swift */,
				734D4B7E1B0E54FF00D998E7 /* Main.storyboard */,
				734D4B811B0E54FF00D998E7 /* Images.xcassets */,
				734D4B831B0E54FF00D998E7 /* LaunchScreen.xib */,
				734D4B791B0E54FF00D998E7 /* CardboardCam.xcdatamodeld */,
				734D4B751B0E54FE00D998E7 /* Supporting Files */,
			);
			path = CardboardCam;
			sourceTree = "<group>";
		};
		734D4B751B0E54FE00D998E7 /* Supporting Files */ = {
			isa = PBXGroup;
			children = (
				734D4B761B0E54FE00D998E7 /* Info.plist */,
			);
			name = "Supporting Files";
			sourceTree = "<group>";
		};
		734D4B8D1B0E54FF00D998E7 /* CardboardCamTests */ = {
			isa = PBXGroup;
			children = (
				734D4B901B0E54FF00D998E7 /* CardboardCamTests.swift */,
				734D4B8E1B0E54FF00D998E7 /* Supporting Files */,
			);
			path = CardboardCamTests;
			sourceTree = "<group>";
		};
		734D4B8E1B0E54FF00D998E7 /* Supporting Files */ = {
			isa = PBXGroup;
			children = (
				734D4B8F1B0E54FF00D998E7 /* Info.plist */,
			);
			name = "Supporting Files";
			sourceTree = "<group>";
		};
/* End PBXGroup section */

/* Begin PBXNativeTarget section */
		734D4B711B0E54FE00D998E7 /* CardboardCam */ = {
			isa = PBXNativeTarget;
			buildConfigurationList = 734D4B941B0E54FF00D998E7 /* Build configuration list for PBXNativeTarget "CardboardCam" */;
			buildPhases = (
				734D4B6E1B0E54FE00D998E7 /* Sources */,
				734D4B6F1B0E54FE00D998E7 /* Frameworks */,
				734D4B701B0E54FE00D998E7 /* Resources */,
			);
			buildRules = (
			);
			dependencies = (
			);
			name = CardboardCam;
			productName = CardboardCam;
			productReference = 734D4B721B0E54FE00D998E7 /* CardboardCam.app */;
			productType = "com.apple.product-type.application";
		};
		734D4B891B0E54FF00D998E7 /* CardboardCamTests */ = {
			isa = PBXNativeTarget;
			buildConfigurationList = 734D4B971B0E54FF00D998E7 /* Build configuration list for PBXNativeTarget "CardboardCamTests" */;
			buildPhases = (
				734D4B861B0E54FF00D998E7 /* Sources */,
				734D4B871B0E54FF00D998E7 /* Frameworks */,
				734D4B881B0E54FF00D998E7 /* Resources */,
			);
			buildRules = (
			);
			dependencies = (
				734D4B8C1B0E54FF00D998E7 /* PBXTargetDependency */,
			);
			name = CardboardCamTests;
			productName = CardboardCamTests;
			productReference = 734D4B8A1B0E54FF00D998E7 /* CardboardCamTests.xctest */;
			productType = "com.apple.product-type.bundle.unit-test";
		};
/* End PBXNativeTarget section */

/* Begin PBXProject section */
		734D4B6A1B0E54FE00D998E7 /* Project object */ = {
			isa = PBXProject;
			attributes = {
				LastUpgradeCheck = 0630;
				ORGANIZATIONNAME = "Jens Woltering";
				TargetAttributes = {
					734D4B711B0E54FE00D998E7 = {
						CreatedOnToolsVersion = 6.3.1;
					};
					734D4B891B0E54FF00D998E7 = {
						CreatedOnToolsVersion = 6.3.1;
						TestTargetID = 734D4B711B0E54FE00D998E7;
					};
				};
			};
			buildConfigurationList = 734D4B6D1B0E54FE00D998E7 /* Build configuration list for PBXProject "CardboardCam" */;
			compatibilityVersion = "Xcode 3.2";
			developmentRegion = English;
			hasScannedForEncodings = 0;
			knownRegions = (
				en,
				Base,
			);
			mainGroup = 734D4B691B0E54FE00D998E7;
			productRefGroup = 734D4B731B0E54FE00D998E7 /* Products */;
			projectDirPath = "";
			projectRoot = "";
			targets = (
				734D4B711B0E54FE00D998E7 /* CardboardCam */,
				734D4B891B0E54FF00D998E7 /* CardboardCamTests */,
			);
		};
/* End PBXProject section */

/* Begin PBXResourcesBuildPhase section */
		734D4B701B0E54FE00D998E7 /* Resources */ = {
			isa = PBXResourcesBuildPhase;
			buildActionMask = 2147483647;
			files = (
				734D4B801B0E54FF00D998E7 /* Main.storyboard in Resources */,
				734D4B851B0E54FF00D998E7 /* LaunchScreen.xib in Resources */,
				734D4B821B0E54FF00D998E7 /* Images.xcassets in Resources */,
			);
			runOnlyForDeploymentPostprocessing = 0;
		};
		734D4B881B0E54FF00D998E7 /* Resources */ = {
			isa = PBXResourcesBuildPhase;
			buildActionMask = 2147483647;
			files = (
			);
			runOnlyForDeploymentPostprocessing = 0;
		};
/* End PBXResourcesBuildPhase section */

/* Begin PBXSourcesBuildPhase section */
		734D4B6E1B0E54FE00D998E7 /* Sources */ = {
			isa = PBXSourcesBuildPhase;
			buildActionMask = 2147483647;
			files = (
				734D4B9F1B0F247A00D998E7 /* initViewController.swift in Sources */,
				734D4B7D1B0E54FF00D998E7 /* ConnectionViewController.swift in Sources */,
				734D4B9B1B0E5DB400D998E7 /* MPCHandler.swift in Sources */,
				734D4B7B1B0E54FF00D998E7 /* CardboardCam.xcdatamodeld in Sources */,
				734D4B781B0E54FE00D998E7 /* AppDelegate.swift in Sources */,
			);
			runOnlyForDeploymentPostprocessing = 0;
		};
		734D4B861B0E54FF00D998E7 /* Sources */ = {
			isa = PBXSourcesBuildPhase;
			buildActionMask = 2147483647;
			files = (
				734D4B911B0E54FF00D998E7 /* CardboardCamTests.swift in Sources */,
			);
			runOnlyForDeploymentPostprocessing = 0;
		};
/* End PBXSourcesBuildPhase section */

/* Begin PBXTargetDependency section */
		734D4B8C1B0E54FF00D998E7 /* PBXTargetDependency */ = {
			isa = PBXTargetDependency;
			target = 734D4B711B0E54FE00D998E7 /* CardboardCam */;
			targetProxy = 734D4B8B1B0E54FF00D998E7 /* PBXContainerItemProxy */;
		};
/* End PBXTargetDependency section */

/* Begin PBXVariantGroup section */
		734D4B7E1B0E54FF00D998E7 /* Main.storyboard */ = {
			isa = PBXVariantGroup;
			children = (
				734D4B7F1B0E54FF00D998E7 /* Base */,
			);
			name = Main.storyboard;
			sourceTree = "<group>";
		};
		734D4B831B0E54FF00D998E7 /* LaunchScreen.xib */ = {
			isa = PBXVariantGroup;
			children = (
				734D4B841B0E54FF00D998E7 /* Base */,
			);
			name = LaunchScreen.xib;
			sourceTree = "<group>";
		};
/* End PBXVariantGroup section */

/* Begin XCBuildConfiguration section */
		734D4B921B0E54FF00D998E7 /* Debug */ = {
			isa = XCBuildConfiguration;
			buildSettings = {
				ALWAYS_SEARCH_USER_PATHS = NO;
				CLANG_CXX_LANGUAGE_STANDARD = "gnu++0x";
				CLANG_CXX_LIBRARY = "libc++";
				CLANG_ENABLE_MODULES = YES;
				CLANG_ENABLE_OBJC_ARC = YES;
				CLANG_WARN_BOOL_CONVERSION = YES;
				CLANG_WARN_CONSTANT_CONVERSION = YES;
				CLANG_WARN_DIRECT_OBJC_ISA_USAGE = YES_ERROR;
				CLANG_WARN_EMPTY_BODY = YES;
				CLANG_WARN_ENUM_CONVERSION = YES;
				CLANG_WARN_INT_CONVERSION = YES;
				CLANG_WARN_OBJC_ROOT_CLASS = YES_ERROR;
				CLANG_WARN_UNREACHABLE_CODE = YES;
				CLANG_WARN__DUPLICATE_METHOD_MATCH = YES;
				"CODE_SIGN_IDENTITY[sdk=iphoneos*]" = "iPhone Developer";
				COPY_PHASE_STRIP = NO;
				DEBUG_INFORMATION_FORMAT = "dwarf-with-dsym";
				ENABLE_STRICT_OBJC_MSGSEND = YES;
				GCC_C_LANGUAGE_STANDARD = gnu99;
				GCC_DYNAMIC_NO_PIC = NO;
				GCC_NO_COMMON_BLOCKS = YES;
				GCC_OPTIMIZATION_LEVEL = 0;
				GCC_PREPROCESSOR_DEFINITIONS = (
					"DEBUG=1",
					"$(inherited)",
				);
				GCC_SYMBOLS_PRIVATE_EXTERN = NO;
				GCC_WARN_64_TO_32_BIT_CONVERSION = YES;
				GCC_WARN_ABOUT_RETURN_TYPE = YES_ERROR;
				GCC_WARN_UNDECLARED_SELECTOR = YES;
				GCC_WARN_UNINITIALIZED_AUTOS = YES_AGGRESSIVE;
				GCC_WARN_UNUSED_FUNCTION = YES;
				GCC_WARN_UNUSED_VARIABLE = YES;
				IPHONEOS_DEPLOYMENT_TARGET = 8.3;
				MTL_ENABLE_DEBUG_INFO = YES;
				ONLY_ACTIVE_ARCH = YES;
				SDKROOT = iphoneos;
				SWIFT_OPTIMIZATION_LEVEL = "-Onone";
			};
			name = Debug;
		};
		734D4B931B0E54FF00D998E7 /* Release */ = {
			isa = XCBuildConfiguration;
			buildSettings = {
				ALWAYS_SEARCH_USER_PATHS = NO;
				CLANG_CXX_LANGUAGE_STANDARD = "gnu++0x";
				CLANG_CXX_LIBRARY = "libc++";
				CLANG_ENABLE_MODULES = YES;
				CLANG_ENABLE_OBJC_ARC = YES;
				CLANG_WARN_BOOL_CONVERSION = YES;
				CLANG_WARN_CONSTANT_CONVERSION = YES;
				CLANG_WARN_DIRECT_OBJC_ISA_USAGE = YES_ERROR;
				CLANG_WARN_EMPTY_BODY = YES;
				CLANG_WARN_ENUM_CONVERSION = YES;
				CLANG_WARN_INT_CONVERSION = YES;
				CLANG_WARN_OBJC_ROOT_CLASS = YES_ERROR;
				CLANG_WARN_UNREACHABLE_CODE = YES;
				CLANG_WARN__DUPLICATE_METHOD_MATCH = YES;
				"CODE_SIGN_IDENTITY[sdk=iphoneos*]" = "iPhone Developer";
				COPY_PHASE_STRIP = NO;
				DEBUG_INFORMATION_FORMAT = "dwarf-with-dsym";
				ENABLE_NS_ASSERTIONS = NO;
				ENABLE_STRICT_OBJC_MSGSEND = YES;
				GCC_C_LANGUAGE_STANDARD = gnu99;
				GCC_NO_COMMON_BLOCKS = YES;
				GCC_WARN_64_TO_32_BIT_CONVERSION = YES;
				GCC_WARN_ABOUT_RETURN_TYPE = YES_ERROR;
				GCC_WARN_UNDECLARED_SELECTOR = YES;
				GCC_WARN_UNINITIALIZED_AUTOS = YES_AGGRESSIVE;
				GCC_WARN_UNUSED_FUNCTION = YES;
				GCC_WARN_UNUSED_VARIABLE = YES;
				IPHONEOS_DEPLOYMENT_TARGET = 8.3;
				MTL_ENABLE_DEBUG_INFO = NO;
				SDKROOT = iphoneos;
				VALIDATE_PRODUCT = YES;
			};
			name = Release;
		};
		734D4B951B0E54FF00D998E7 /* Debug */ = {
			isa = XCBuildConfiguration;
			buildSettings = {
				ASSETCATALOG_COMPILER_APPICON_NAME = AppIcon;
				INFOPLIST_FILE = CardboardCam/Info.plist;
				IPHONEOS_DEPLOYMENT_TARGET = 8.3;
				LD_RUNPATH_SEARCH_PATHS = "$(inherited) @executable_path/Frameworks";
				PRODUCT_NAME = "$(TARGET_NAME)";
			};
			name = Debug;
		};
		734D4B961B0E54FF00D998E7 /* Release */ = {
			isa = XCBuildConfiguration;
			buildSettings = {
				ASSETCATALOG_COMPILER_APPICON_NAME = AppIcon;
				INFOPLIST_FILE = CardboardCam/Info.plist;
				IPHONEOS_DEPLOYMENT_TARGET = 8.3;
				LD_RUNPATH_SEARCH_PATHS = "$(inherited) @executable_path/Frameworks";
				PRODUCT_NAME = "$(TARGET_NAME)";
			};
			name = Release;
		};
		734D4B981B0E54FF00D998E7 /* Debug */ = {
			isa = XCBuildConfiguration;
			buildSettings = {
				BUNDLE_LOADER = "$(TEST_HOST)";
				FRAMEWORK_SEARCH_PATHS = (
					"$(SDKROOT)/Developer/Library/Frameworks",
					"$(inherited)",
				);
				GCC_PREPROCESSOR_DEFINITIONS = (
					"DEBUG=1",
					"$(inherited)",
				);
				INFOPLIST_FILE = CardboardCamTests/Info.plist;
				LD_RUNPATH_SEARCH_PATHS = "$(inherited) @executable_path/Frameworks @loader_path/Frameworks";
				PRODUCT_NAME = "$(TARGET_NAME)";
				TEST_HOST = "$(BUILT_PRODUCTS_DIR)/CardboardCam.app/CardboardCam";
			};
			name = Debug;
		};
		734D4B991B0E54FF00D998E7 /* Release */ = {
			isa = XCBuildConfiguration;
			buildSettings = {
				BUNDLE_LOADER = "$(TEST_HOST)";
				FRAMEWORK_SEARCH_PATHS = (
					"$(SDKROOT)/Developer/Library/Frameworks",
					"$(inherited)",
				);
				INFOPLIST_FILE = CardboardCamTests/Info.plist;
				LD_RUNPATH_SEARCH_PATHS = "$(inherited) @executable_path/Frameworks @loader_path/Frameworks";
				PRODUCT_NAME = "$(TARGET_NAME)";
				TEST_HOST = "$(BUILT_PRODUCTS_DIR)/CardboardCam.app/CardboardCam";
			};
			name = Release;
		};
/* End XCBuildConfiguration section */

/* Begin XCConfigurationList section */
		734D4B6D1B0E54FE00D998E7 /* Build configuration list for PBXProject "CardboardCam" */ = {
			isa = XCConfigurationList;
			buildConfigurations = (
				734D4B921B0E54FF00D998E7 /* Debug */,
				734D4B931B0E54FF00D998E7 /* Release */,
			);
			defaultConfigurationIsVisible = 0;
			defaultConfigurationName = Release;
		};
		734D4B941B0E54FF00D998E7 /* Build configuration list for PBXNativeTarget "CardboardCam" */ = {
			isa = XCConfigurationList;
			buildConfigurations = (
				734D4B951B0E54FF00D998E7 /* Debug */,
				734D4B961B0E54FF00D998E7 /* Release */,
			);
			defaultConfigurationIsVisible = 0;
		};
		734D4B971B0E54FF00D998E7 /* Build configuration list for PBXNativeTarget "CardboardCamTests" */ = {
			isa = XCConfigurationList;
			buildConfigurations = (
				734D4B981B0E54FF00D998E7 /* Debug */,
				734D4B991B0E54FF00D998E7 /* Release */,
			);
			defaultConfigurationIsVisible = 0;
		};
/* End XCConfigurationList section */

/* Begin XCVersionGroup section */
		734D4B791B0E54FF00D998E7 /* CardboardCam.xcdatamodeld */ = {
			isa = XCVersionGroup;
			children = (
				734D4B7A1B0E54FF00D998E7 /* CardboardCam.xcdatamodel */,
			);
			currentVersion = 734D4B7A1B0E54FF00D998E7 /* CardboardCam.xcdatamodel */;
			path = CardboardCam.xcdatamodeld;
			sourceTree = "<group>";
			versionGroupType = wrapper.xcdatamodel;
		};
/* End XCVersionGroup section */
	};
	rootObject = 734D4B6A1B0E54FE00D998E7 /* Project object */;
}
